
Microsoft Visual Studio Solution File, Format Version 12.00
# Visual Studio 14
VisualStudioVersion = 14.0.25420.1
MinimumVisualStudioVersion = 10.0.40219.1
Project("{FAE04EC0-301F-11D3-BF4B-00C04F79EFBC}") = "RobotCtrl", "RobotCtrl\RobotCtrl.csproj", "{A63FF13E-FBE1-4577-98FA-E65E47D51C85}"
EndProject
Project("{FAE04EC0-301F-11D3-BF4B-00C04F79EFBC}") = "RobotIO", "RobotIO\RobotIO.csproj", "{A900AFA5-AF1A-49A1-91D6-98DAE0DFD7CA}"
EndProject
Project("{FAE04EC0-301F-11D3-BF4B-00C04F79EFBC}") = "RobotView", "RobotView\RobotView.csproj", "{8FEC1F00-0F12-4AC0-B3E0-E986A493B7F6}"
EndProject
Project("{FAE04EC0-301F-11D3-BF4B-00C04F79EFBC}") = "TestConsole", "TestConsole\TestConsole.csproj", "{C03DB233-A03F-4459-BC3E-24877DF11792}"
EndProject
Global
	GlobalSection(SolutionConfigurationPlatforms) = preSolution
		Debug|Any CPU = Debug|Any CPU
		Release|Any CPU = Release|Any CPU
	EndGlobalSection
	GlobalSection(ProjectConfigurationPlatforms) = postSolution
		{A63FF13E-FBE1-4577-98FA-E65E47D51C85}.Debug|Any CPU.ActiveCfg = Debug|Any CPU
		{A63FF13E-FBE1-4577-98FA-E65E47D51C85}.Debug|Any CPU.Build.0 = Debug|Any CPU
		{A63FF13E-FBE1-4577-98FA-E65E47D51C85}.Debug|Any CPU.Deploy.0 = Debug|Any CPU
		{A63FF13E-FBE1-4577-98FA-E65E47D51C85}.Release|Any CPU.ActiveCfg = Release|Any CPU
		{A63FF13E-FBE1-4577-98FA-E65E47D51C85}.Release|Any CPU.Build.0 = Release|Any CPU
		{A63FF13E-FBE1-4577-98FA-E65E47D51C85}.Release|Any CPU.Deploy.0 = Release|Any CPU
		{A900AFA5-AF1A-49A1-91D6-98DAE0DFD7CA}.Debug|Any CPU.ActiveCfg = Debug|Any CPU
		{A900AFA5-AF1A-49A1-91D6-98DAE0DFD7CA}.Debug|Any CPU.Build.0 = Debug|Any CPU
		{A900AFA5-AF1A-49A1-91D6-98DAE0DFD7CA}.Debug|Any CPU.Deploy.0 = Debug|Any CPU
		{A900AFA5-AF1A-49A1-91D6-98DAE0DFD7CA}.Release|Any CPU.ActiveCfg = Release|Any CPU
		{A900AFA5-AF1A-49A1-91D6-98DAE0DFD7CA}.Release|Any CPU.Build.0 = Release|Any CPU
		{A900AFA5-AF1A-49A1-91D6-98DAE0DFD7CA}.Release|Any CPU.Deploy.0 = Release|Any CPU
		{8FEC1F00-0F12-4AC0-B3E0-E986A493B7F6}.Debug|Any CPU.ActiveCfg = Debug|Any CPU
		{8FEC1F00-0F12-4AC0-B3E0-E986A493B7F6}.Debug|Any CPU.Build.0 = Debug|Any CPU
		{8FEC1F00-0F12-4AC0-B3E0-E986A493B7F6}.Debug|Any CPU.Deploy.0 = Debug|Any CPU
		{8FEC1F00-0F12-4AC0-B3E0-E986A493B7F6}.Release|Any CPU.ActiveCfg = Release|Any CPU
		{8FEC1F00-0F12-4AC0-B3E0-E986A493B7F6}.Release|Any CPU.Build.0 = Release|Any CPU
		{8FEC1F00-0F12-4AC0-B3E0-E986A493B7F6}.Release|Any CPU.Deploy.0 = Release|Any CPU
		{C03DB233-A03F-4459-BC3E-24877DF11792}.Debug|Any CPU.ActiveCfg = Debug|Any CPU
		{C03DB233-A03F-4459-BC3E-24877DF11792}.Debug|Any CPU.Build.0 = Debug|Any CPU
		{C03DB233-A03F-4459-BC3E-24877DF11792}.Debug|Any CPU.Deploy.0 = Debug|Any CPU
		{C03DB233-A03F-4459-BC3E-24877DF11792}.Release|Any CPU.ActiveCfg = Release|Any CPU
		{C03DB233-A03F-4459-BC3E-24877DF11792}.Release|Any CPU.Build.0 = Release|Any CPU
		{C03DB233-A03F-4459-BC3E-24877DF11792}.Release|Any CPU.Deploy.0 = Release|Any CPU
	EndGlobalSection
	GlobalSection(SolutionProperties) = preSolution
		HideSolutionNode = FALSE
	EndGlobalSection
EndGlobal
